
Microsoft Visual Studio Solution File, Format Version 12.00
# Visual Studio Version 16
VisualStudioVersion = 16.0.809.1
MinimumVisualStudioVersion = 10.0.40219.1
Project("{FAE04EC0-301F-11D3-BF4B-00C04F79EFBC}") = "ElfsharpWebpage", "ElfsharpWebpage.csproj", "{04D0D95F-20C8-489C-93EF-E56A1BE5A4B6}"
EndProject
Global
	GlobalSection(SolutionConfigurationPlatforms) = preSolution
		Debug|Any CPU = Debug|Any CPU
		Release|Any CPU = Release|Any CPU
	EndGlobalSection
	GlobalSection(ProjectConfigurationPlatforms) = postSolution
		{04D0D95F-20C8-489C-93EF-E56A1BE5A4B6}.Debug|Any CPU.ActiveCfg = Debug|Any CPU
		{04D0D95F-20C8-489C-93EF-E56A1BE5A4B6}.Debug|Any CPU.Build.0 = Debug|Any CPU
		{04D0D95F-20C8-489C-93EF-E56A1BE5A4B6}.Release|Any CPU.ActiveCfg = Release|Any CPU
		{04D0D95F-20C8-489C-93EF-E56A1BE5A4B6}.Release|Any CPU.Build.0 = Release|Any CPU
	EndGlobalSection
	GlobalSection(SolutionProperties) = preSolution
		HideSolutionNode = FALSE
	EndGlobalSection
	GlobalSection(ExtensibilityGlobals) = postSolution
		SolutionGuid = {81EB86E0-EABD-4AD4-8D2D-7EC6E143BF4D}
	EndGlobalSection
EndGlobal
